// !$*UTF8*$!
{
	archiveVersion = 1;
	classes = {
	};
	objectVersion = 46;
	objects = {

/* Begin PBXBuildFile section */
		4C4A52FB150F289500990664 /* UIKit.framework in Frameworks */ = {isa = PBXBuildFile; fileRef = 4C4A52FA150F289500990664 /* UIKit.framework */; };
		4C4A52FD150F289500990664 /* Foundation.framework in Frameworks */ = {isa = PBXBuildFile; fileRef = 4C4A52FC150F289500990664 /* Foundation.framework */; };
		4C4A52FF150F289500990664 /* CoreGraphics.framework in Frameworks */ = {isa = PBXBuildFile; fileRef = 4C4A52FE150F289500990664 /* CoreGraphics.framework */; };
		4C4A5305150F289500990664 /* InfoPlist.strings in Resources */ = {isa = PBXBuildFile; fileRef = 4C4A5303150F289500990664 /* InfoPlist.strings */; };
		4C4A5307150F289500990664 /* main.m in Sources */ = {isa = PBXBuildFile; fileRef = 4C4A5306150F289500990664 /* main.m */; };
		4C4A530B150F289500990664 /* AppDelegate.m in Sources */ = {isa = PBXBuildFile; fileRef = 4C4A530A150F289500990664 /* AppDelegate.m */; };
		4C4A530E150F289500990664 /* MainStoryboard_iPhone.storyboard in Resources */ = {isa = PBXBuildFile; fileRef = 4C4A530C150F289500990664 /* MainStoryboard_iPhone.storyboard */; };
		4C4A5311150F289500990664 /* MainStoryboard_iPad.storyboard in Resources */ = {isa = PBXBuildFile; fileRef = 4C4A530F150F289500990664 /* MainStoryboard_iPad.storyboard */; };
		4C4A531C150F289500990664 /* SenTestingKit.framework in Frameworks */ = {isa = PBXBuildFile; fileRef = 4C4A531B150F289500990664 /* SenTestingKit.framework */; };
		4C4A531D150F289500990664 /* UIKit.framework in Frameworks */ = {isa = PBXBuildFile; fileRef = 4C4A52FA150F289500990664 /* UIKit.framework */; };
		4C4A531E150F289500990664 /* Foundation.framework in Frameworks */ = {isa = PBXBuildFile; fileRef = 4C4A52FC150F289500990664 /* Foundation.framework */; };
		4C5016501515A71F00C2DB9D /* NSTimer+Test.m in Sources */ = {isa = PBXBuildFile; fileRef = 4C50164F1515A71F00C2DB9D /* NSTimer+Test.m */; };
		4C5016521515A72F00C2DB9D /* IAPInfo.plist in Resources */ = {isa = PBXBuildFile; fileRef = 4C5016511515A72F00C2DB9D /* IAPInfo.plist */; };
		4C5016541515A7AF00C2DB9D /* libOCMock.a in Frameworks */ = {isa = PBXBuildFile; fileRef = 4C5016531515A7AF00C2DB9D /* libOCMock.a */; };
		4C5016591515A82400C2DB9D /* IAPStoreManager.m in Sources */ = {isa = PBXBuildFile; fileRef = 4C5016551515A82400C2DB9D /* IAPStoreManager.m */; };
		4C50165A1515A82400C2DB9D /* IAPProduct.m in Sources */ = {isa = PBXBuildFile; fileRef = 4C5016561515A82400C2DB9D /* IAPProduct.m */; };
		4C50165B1515A8B000C2DB9D /* IAPCatalogueSpec.mm in Sources */ = {isa = PBXBuildFile; fileRef = 4C5016461515A70E00C2DB9D /* IAPCatalogueSpec.mm */; };
		4C50165C1515A8B000C2DB9D /* IAPProductSpec.mm in Sources */ = {isa = PBXBuildFile; fileRef = 4C5016471515A70E00C2DB9D /* IAPProductSpec.mm */; };
		4C50165D1515A8B000C2DB9D /* IAPStoreManagerSpec.mm in Sources */ = {isa = PBXBuildFile; fileRef = 4C5016481515A70E00C2DB9D /* IAPStoreManagerSpec.mm */; };
		4C50165E1515A8C600C2DB9D /* FakeSKProductsResponse.m in Sources */ = {isa = PBXBuildFile; fileRef = 4CAEF989150F36A60086F6E3 /* FakeSKProductsResponse.m */; };
		4C50165F1515A8C600C2DB9D /* SKProductsRequest+Test.m in Sources */ = {isa = PBXBuildFile; fileRef = 4CAEF98B150F36A60086F6E3 /* SKProductsRequest+Test.m */; };
		4C5016601515A8CF00C2DB9D /* MockIAPCatalogueDelegate.m in Sources */ = {isa = PBXBuildFile; fileRef = 4CAEF98E150F36A60086F6E3 /* MockIAPCatalogueDelegate.m */; };
		4C85CA2C1516E9A9007E63B0 /* IAPCatalogue+Test.h in Resources */ = {isa = PBXBuildFile; fileRef = 4C85CA2B1516E9A9007E63B0 /* IAPCatalogue+Test.h */; };
		4CAEF9AB150F46E40086F6E3 /* Cedar-iOS.framework in Frameworks */ = {isa = PBXBuildFile; fileRef = 4CAEF9A9150F46D50086F6E3 /* Cedar-iOS.framework */; };
		4CAEF9AD150F47540086F6E3 /* StoreKit.framework in Frameworks */ = {isa = PBXBuildFile; fileRef = 4CAEF9AC150F47540086F6E3 /* StoreKit.framework */; };
		4CAEF9AE150F477B0086F6E3 /* StoreKit.framework in Frameworks */ = {isa = PBXBuildFile; fileRef = 4CAEF9AC150F47540086F6E3 /* StoreKit.framework */; };
		4CAEF9D1150F72E50086F6E3 /* InfoPlist.strings in Resources */ = {isa = PBXBuildFile; fileRef = 4CAEF9CE150F72C80086F6E3 /* InfoPlist.strings */; };
		4CAEF9E6150F76CD0086F6E3 /* IAPCatalogue.m in Sources */ = {isa = PBXBuildFile; fileRef = 4CAEF9E4150F76CD0086F6E3 /* IAPCatalogue.m */; };
		4CC065C2151DCC40000E89ED /* IAPProduct+Friend.h in Resources */ = {isa = PBXBuildFile; fileRef = 4CC065C1151DCC40000E89ED /* IAPProduct+Friend.h */; };
		4CC065C6151EFE50000E89ED /* SKProduct+PriceWithCurrency.m in Sources */ = {isa = PBXBuildFile; fileRef = 4CC065C5151EFE50000E89ED /* SKProduct+PriceWithCurrency.m */; };
		4CC0667E1523437E000E89ED /* FSMMachine.m in Sources */ = {isa = PBXBuildFile; fileRef = 4CC0667D1523437E000E89ED /* FSMMachine.m */; };
		4CC06685152348FD000E89ED /* ViewController.m in Sources */ = {isa = PBXBuildFile; fileRef = 4CC06681152348FD000E89ED /* ViewController.m */; };
		4CC06686152348FD000E89ED /* ProductTableViewCell.m in Sources */ = {isa = PBXBuildFile; fileRef = 4CC06684152348FD000E89ED /* ProductTableViewCell.m */; };
		4CC0668815234C4B000E89ED /* IAPInfo.plist in Resources */ = {isa = PBXBuildFile; fileRef = 4CC0668715234C4B000E89ED /* IAPInfo.plist */; };
		661D83371510F85300DE6CAE /* InAppPurchasingExample Frankified-Info.plist in Resources */ = {isa = PBXBuildFile; fileRef = 661D83361510F85300DE6CAE /* InAppPurchasingExample Frankified-Info.plist */; };
		661D834C1510F8E800DE6CAE /* CFNetwork.framework in Frameworks */ = {isa = PBXBuildFile; fileRef = 661D834A1510F8C600DE6CAE /* CFNetwork.framework */; };
		668786541510F7A70053F937 /* main.m in Sources */ = {isa = PBXBuildFile; fileRef = 4C4A5306150F289500990664 /* main.m */; };
		668786551510F7A70053F937 /* AppDelegate.m in Sources */ = {isa = PBXBuildFile; fileRef = 4C4A530A150F289500990664 /* AppDelegate.m */; };
		6687865A1510F7A70053F937 /* IAPCatalogue.m in Sources */ = {isa = PBXBuildFile; fileRef = 4CAEF9E4150F76CD0086F6E3 /* IAPCatalogue.m */; };
		6687865C1510F7A70053F937 /* UIKit.framework in Frameworks */ = {isa = PBXBuildFile; fileRef = 4C4A52FA150F289500990664 /* UIKit.framework */; };
		6687865D1510F7A70053F937 /* Foundation.framework in Frameworks */ = {isa = PBXBuildFile; fileRef = 4C4A52FC150F289500990664 /* Foundation.framework */; };
		6687865E1510F7A70053F937 /* CoreGraphics.framework in Frameworks */ = {isa = PBXBuildFile; fileRef = 4C4A52FE150F289500990664 /* CoreGraphics.framework */; };
		6687865F1510F7A70053F937 /* StoreKit.framework in Frameworks */ = {isa = PBXBuildFile; fileRef = 4CAEF9AC150F47540086F6E3 /* StoreKit.framework */; };
		668786611510F7A70053F937 /* InfoPlist.strings in Resources */ = {isa = PBXBuildFile; fileRef = 4C4A5303150F289500990664 /* InfoPlist.strings */; };
		668786621510F7A70053F937 /* MainStoryboard_iPhone.storyboard in Resources */ = {isa = PBXBuildFile; fileRef = 4C4A530C150F289500990664 /* MainStoryboard_iPhone.storyboard */; };
		668786631510F7A70053F937 /* MainStoryboard_iPad.storyboard in Resources */ = {isa = PBXBuildFile; fileRef = 4C4A530F150F289500990664 /* MainStoryboard_iPad.storyboard */; };
/* End PBXBuildFile section */

/* Begin PBXContainerItemProxy section */
		4C4A531F150F289500990664 /* PBXContainerItemProxy */ = {
			isa = PBXContainerItemProxy;
			containerPortal = 4C4A52ED150F289400990664 /* Project object */;
			proxyType = 1;
			remoteGlobalIDString = 4C4A52F5150F289500990664;
			remoteInfo = InAppPurchaseExample;
		};
/* End PBXContainerItemProxy section */

/* Begin PBXFileReference section */
		4C4A52F6150F289500990664 /* InAppPurchasingExample.app */ = {isa = PBXFileReference; explicitFileType = wrapper.application; includeInIndex = 0; path = InAppPurchasingExample.app; sourceTree = BUILT_PRODUCTS_DIR; };
		4C4A52FA150F289500990664 /* UIKit.framework */ = {isa = PBXFileReference; lastKnownFileType = wrapper.framework; name = UIKit.framework; path = System/Library/Frameworks/UIKit.framework; sourceTree = SDKROOT; };
		4C4A52FC150F289500990664 /* Foundation.framework */ = {isa = PBXFileReference; lastKnownFileType = wrapper.framework; name = Foundation.framework; path = System/Library/Frameworks/Foundation.framework; sourceTree = SDKROOT; };
		4C4A52FE150F289500990664 /* CoreGraphics.framework */ = {isa = PBXFileReference; lastKnownFileType = wrapper.framework; name = CoreGraphics.framework; path = System/Library/Frameworks/CoreGraphics.framework; sourceTree = SDKROOT; };
		4C4A5304150F289500990664 /* en */ = {isa = PBXFileReference; lastKnownFileType = text.plist.strings; name = en; path = en.lproj/InfoPlist.strings; sourceTree = "<group>"; };
		4C4A5306150F289500990664 /* main.m */ = {isa = PBXFileReference; lastKnownFileType = sourcecode.c.objc; path = main.m; sourceTree = "<group>"; };
		4C4A5308150F289500990664 /* InAppPurchasingExample-Prefix.pch */ = {isa = PBXFileReference; lastKnownFileType = sourcecode.c.h; path = "InAppPurchasingExample-Prefix.pch"; sourceTree = "<group>"; };
		4C4A5309150F289500990664 /* AppDelegate.h */ = {isa = PBXFileReference; lastKnownFileType = sourcecode.c.h; path = AppDelegate.h; sourceTree = "<group>"; };
		4C4A530A150F289500990664 /* AppDelegate.m */ = {isa = PBXFileReference; lastKnownFileType = sourcecode.c.objc; path = AppDelegate.m; sourceTree = "<group>"; };
		4C4A530D150F289500990664 /* en */ = {isa = PBXFileReference; lastKnownFileType = file.storyboard; name = en; path = en.lproj/MainStoryboard_iPhone.storyboard; sourceTree = "<group>"; };
		4C4A5310150F289500990664 /* en */ = {isa = PBXFileReference; lastKnownFileType = file.storyboard; name = en; path = en.lproj/MainStoryboard_iPad.storyboard; sourceTree = "<group>"; };
		4C4A531A150F289500990664 /* InAppPurchasingTests.octest */ = {isa = PBXFileReference; explicitFileType = wrapper.cfbundle; includeInIndex = 0; path = InAppPurchasingTests.octest; sourceTree = BUILT_PRODUCTS_DIR; };
		4C4A531B150F289500990664 /* SenTestingKit.framework */ = {isa = PBXFileReference; lastKnownFileType = wrapper.framework; name = SenTestingKit.framework; path = Library/Frameworks/SenTestingKit.framework; sourceTree = DEVELOPER_DIR; };
		4C5016461515A70E00C2DB9D /* IAPCatalogueSpec.mm */ = {isa = PBXFileReference; fileEncoding = 4; lastKnownFileType = sourcecode.cpp.objcpp; path = IAPCatalogueSpec.mm; sourceTree = "<group>"; };
		4C5016471515A70E00C2DB9D /* IAPProductSpec.mm */ = {isa = PBXFileReference; fileEncoding = 4; lastKnownFileType = sourcecode.cpp.objcpp; path = IAPProductSpec.mm; sourceTree = "<group>"; };
		4C5016481515A70E00C2DB9D /* IAPStoreManagerSpec.mm */ = {isa = PBXFileReference; fileEncoding = 4; lastKnownFileType = sourcecode.cpp.objcpp; path = IAPStoreManagerSpec.mm; sourceTree = "<group>"; };
		4C50164C1515A71F00C2DB9D /* IAPProduct+Test.h */ = {isa = PBXFileReference; fileEncoding = 4; lastKnownFileType = sourcecode.c.h; path = "IAPProduct+Test.h"; sourceTree = "<group>"; };
		4C50164D1515A71F00C2DB9D /* IAPStoreManager+Test.h */ = {isa = PBXFileReference; fileEncoding = 4; lastKnownFileType = sourcecode.c.h; path = "IAPStoreManager+Test.h"; sourceTree = "<group>"; };
		4C50164E1515A71F00C2DB9D /* NSTimer+Test.h */ = {isa = PBXFileReference; fileEncoding = 4; lastKnownFileType = sourcecode.c.h; path = "NSTimer+Test.h"; sourceTree = "<group>"; };
		4C50164F1515A71F00C2DB9D /* NSTimer+Test.m */ = {isa = PBXFileReference; fileEncoding = 4; lastKnownFileType = sourcecode.c.objc; path = "NSTimer+Test.m"; sourceTree = "<group>"; };
		4C5016511515A72F00C2DB9D /* IAPInfo.plist */ = {isa = PBXFileReference; fileEncoding = 4; lastKnownFileType = text.plist.xml; path = IAPInfo.plist; sourceTree = "<group>"; };
		4C5016531515A7AF00C2DB9D /* libOCMock.a */ = {isa = PBXFileReference; lastKnownFileType = archive.ar; name = libOCMock.a; path = InAppPurchasingTests/Externals/OCMock/libOCMock.a; sourceTree = "<group>"; };
		4C5016551515A82400C2DB9D /* IAPStoreManager.m */ = {isa = PBXFileReference; fileEncoding = 4; lastKnownFileType = sourcecode.c.objc; path = IAPStoreManager.m; sourceTree = "<group>"; };
		4C5016561515A82400C2DB9D /* IAPProduct.m */ = {isa = PBXFileReference; fileEncoding = 4; lastKnownFileType = sourcecode.c.objc; path = IAPProduct.m; sourceTree = "<group>"; };
		4C5016571515A82400C2DB9D /* IAPProduct.h */ = {isa = PBXFileReference; fileEncoding = 4; lastKnownFileType = sourcecode.c.h; path = IAPProduct.h; sourceTree = "<group>"; };
		4C5016581515A82400C2DB9D /* IAPStoreManager.h */ = {isa = PBXFileReference; fileEncoding = 4; lastKnownFileType = sourcecode.c.h; path = IAPStoreManager.h; sourceTree = "<group>"; };
		4C85CA2B1516E9A9007E63B0 /* IAPCatalogue+Test.h */ = {isa = PBXFileReference; fileEncoding = 4; lastKnownFileType = sourcecode.c.h; path = "IAPCatalogue+Test.h"; sourceTree = "<group>"; };
		4CAEF981150F2BB40086F6E3 /* InAppPurchasingTests-Info.plist */ = {isa = PBXFileReference; fileEncoding = 4; lastKnownFileType = text.plist.xml; name = "InAppPurchasingTests-Info.plist"; path = "InAppPurchasingTests/InAppPurchasingTests-Info.plist"; sourceTree = SOURCE_ROOT; };
		4CAEF988150F36A60086F6E3 /* FakeSKProductsResponse.h */ = {isa = PBXFileReference; fileEncoding = 4; lastKnownFileType = sourcecode.c.h; path = FakeSKProductsResponse.h; sourceTree = "<group>"; };
		4CAEF989150F36A60086F6E3 /* FakeSKProductsResponse.m */ = {isa = PBXFileReference; fileEncoding = 4; lastKnownFileType = sourcecode.c.objc; path = FakeSKProductsResponse.m; sourceTree = "<group>"; };
		4CAEF98A150F36A60086F6E3 /* SKProductsRequest+Test.h */ = {isa = PBXFileReference; fileEncoding = 4; lastKnownFileType = sourcecode.c.h; path = "SKProductsRequest+Test.h"; sourceTree = "<group>"; };
		4CAEF98B150F36A60086F6E3 /* SKProductsRequest+Test.m */ = {isa = PBXFileReference; fileEncoding = 4; lastKnownFileType = sourcecode.c.objc; path = "SKProductsRequest+Test.m"; sourceTree = "<group>"; };
		4CAEF98D150F36A60086F6E3 /* MockIAPCatalogueDelegate.h */ = {isa = PBXFileReference; fileEncoding = 4; lastKnownFileType = sourcecode.c.h; path = MockIAPCatalogueDelegate.h; sourceTree = "<group>"; };
		4CAEF98E150F36A60086F6E3 /* MockIAPCatalogueDelegate.m */ = {isa = PBXFileReference; fileEncoding = 4; lastKnownFileType = sourcecode.c.objc; path = MockIAPCatalogueDelegate.m; sourceTree = "<group>"; };
		4CAEF9A9150F46D50086F6E3 /* Cedar-iOS.framework */ = {isa = PBXFileReference; lastKnownFileType = wrapper.framework; name = "Cedar-iOS.framework"; path = "InAppPurchasingTests/Externals/Cedar-iOS.framework"; sourceTree = "<group>"; };
		4CAEF9AC150F47540086F6E3 /* StoreKit.framework */ = {isa = PBXFileReference; lastKnownFileType = wrapper.framework; name = StoreKit.framework; path = System/Library/Frameworks/StoreKit.framework; sourceTree = SDKROOT; };
		4CAEF9CF150F72C80086F6E3 /* en */ = {isa = PBXFileReference; lastKnownFileType = text.plist.strings; name = en; path = en.lproj/InfoPlist.strings; sourceTree = "<group>"; };
		4CAEF9DF150F75B70086F6E3 /* InAppPurchasingExample-Info.plist */ = {isa = PBXFileReference; fileEncoding = 4; lastKnownFileType = text.plist.xml; path = "InAppPurchasingExample-Info.plist"; sourceTree = "<group>"; };
		4CAEF9E3150F76CD0086F6E3 /* IAPCatalogue.h */ = {isa = PBXFileReference; fileEncoding = 4; lastKnownFileType = sourcecode.c.h; path = IAPCatalogue.h; sourceTree = "<group>"; };
		4CAEF9E4150F76CD0086F6E3 /* IAPCatalogue.m */ = {isa = PBXFileReference; fileEncoding = 4; lastKnownFileType = sourcecode.c.objc; path = IAPCatalogue.m; sourceTree = "<group>"; };
		4CAEF9E5150F76CD0086F6E3 /* README */ = {isa = PBXFileReference; fileEncoding = 4; lastKnownFileType = text; path = README; sourceTree = "<group>"; };
		4CC065C1151DCC40000E89ED /* IAPProduct+Friend.h */ = {isa = PBXFileReference; fileEncoding = 4; lastKnownFileType = sourcecode.c.h; path = "IAPProduct+Friend.h"; sourceTree = "<group>"; };
		4CC065C4151EFE50000E89ED /* SKProduct+PriceWithCurrency.h */ = {isa = PBXFileReference; fileEncoding = 4; lastKnownFileType = sourcecode.c.h; path = "SKProduct+PriceWithCurrency.h"; sourceTree = "<group>"; };
		4CC065C5151EFE50000E89ED /* SKProduct+PriceWithCurrency.m */ = {isa = PBXFileReference; fileEncoding = 4; lastKnownFileType = sourcecode.c.objc; path = "SKProduct+PriceWithCurrency.m"; sourceTree = "<group>"; };
		4CC0667C1523437E000E89ED /* FSMMachine.h */ = {isa = PBXFileReference; fileEncoding = 4; lastKnownFileType = sourcecode.c.h; name = FSMMachine.h; path = "../../../../../Desktop/InAppPurchasingSample copy/InAppPurchasingSample/External/InAppPurchasing/FSMMachine.h"; sourceTree = "<group>"; };
		4CC0667D1523437E000E89ED /* FSMMachine.m */ = {isa = PBXFileReference; fileEncoding = 4; lastKnownFileType = sourcecode.c.objc; name = FSMMachine.m; path = "../../../../../Desktop/InAppPurchasingSample copy/InAppPurchasingSample/External/InAppPurchasing/FSMMachine.m"; sourceTree = "<group>"; };
		4CC06680152348FD000E89ED /* ViewController.h */ = {isa = PBXFileReference; fileEncoding = 4; lastKnownFileType = sourcecode.c.h; path = ViewController.h; sourceTree = "<group>"; };
		4CC06681152348FD000E89ED /* ViewController.m */ = {isa = PBXFileReference; fileEncoding = 4; lastKnownFileType = sourcecode.c.objc; path = ViewController.m; sourceTree = "<group>"; };
		4CC06683152348FD000E89ED /* ProductTableViewCell.h */ = {isa = PBXFileReference; fileEncoding = 4; lastKnownFileType = sourcecode.c.h; path = ProductTableViewCell.h; sourceTree = "<group>"; };
		4CC06684152348FD000E89ED /* ProductTableViewCell.m */ = {isa = PBXFileReference; fileEncoding = 4; lastKnownFileType = sourcecode.c.objc; path = ProductTableViewCell.m; sourceTree = "<group>"; };
		4CC0668715234C4B000E89ED /* IAPInfo.plist */ = {isa = PBXFileReference; fileEncoding = 4; lastKnownFileType = text.plist.xml; path = IAPInfo.plist; sourceTree = "<group>"; };
		661D83361510F85300DE6CAE /* InAppPurchasingExample Frankified-Info.plist */ = {isa = PBXFileReference; fileEncoding = 4; lastKnownFileType = text.plist.xml; path = "InAppPurchasingExample Frankified-Info.plist"; sourceTree = "<group>"; };
		661D834A1510F8C600DE6CAE /* CFNetwork.framework */ = {isa = PBXFileReference; lastKnownFileType = wrapper.framework; name = CFNetwork.framework; path = System/Library/Frameworks/CFNetwork.framework; sourceTree = SDKROOT; };
		668786681510F7A70053F937 /* InAppPurchasingExample Frankified.app */ = {isa = PBXFileReference; explicitFileType = wrapper.application; includeInIndex = 0; path = "InAppPurchasingExample Frankified.app"; sourceTree = BUILT_PRODUCTS_DIR; };
/* End PBXFileReference section */

/* Begin PBXFrameworksBuildPhase section */
		4C4A52F3150F289500990664 /* Frameworks */ = {
			isa = PBXFrameworksBuildPhase;
			buildActionMask = 2147483647;
			files = (
				4C4A52FB150F289500990664 /* UIKit.framework in Frameworks */,
				4C4A52FD150F289500990664 /* Foundation.framework in Frameworks */,
				4C4A52FF150F289500990664 /* CoreGraphics.framework in Frameworks */,
				4CAEF9AE150F477B0086F6E3 /* StoreKit.framework in Frameworks */,
			);
			runOnlyForDeploymentPostprocessing = 0;
		};
		4C4A5316150F289500990664 /* Frameworks */ = {
			isa = PBXFrameworksBuildPhase;
			buildActionMask = 2147483647;
			files = (
				4C5016541515A7AF00C2DB9D /* libOCMock.a in Frameworks */,
				4CAEF9AD150F47540086F6E3 /* StoreKit.framework in Frameworks */,
				4CAEF9AB150F46E40086F6E3 /* Cedar-iOS.framework in Frameworks */,
				4C4A531C150F289500990664 /* SenTestingKit.framework in Frameworks */,
				4C4A531D150F289500990664 /* UIKit.framework in Frameworks */,
				4C4A531E150F289500990664 /* Foundation.framework in Frameworks */,
			);
			runOnlyForDeploymentPostprocessing = 0;
		};
		6687865B1510F7A70053F937 /* Frameworks */ = {
			isa = PBXFrameworksBuildPhase;
			buildActionMask = 2147483647;
			files = (
				661D834C1510F8E800DE6CAE /* CFNetwork.framework in Frameworks */,
				6687865C1510F7A70053F937 /* UIKit.framework in Frameworks */,
				6687865D1510F7A70053F937 /* Foundation.framework in Frameworks */,
				6687865E1510F7A70053F937 /* CoreGraphics.framework in Frameworks */,
				6687865F1510F7A70053F937 /* StoreKit.framework in Frameworks */,
			);
			runOnlyForDeploymentPostprocessing = 0;
		};
/* End PBXFrameworksBuildPhase section */

/* Begin PBXGroup section */
		4C4A52EB150F289400990664 = {
			isa = PBXGroup;
			children = (
				4C4A5300150F289500990664 /* InAppPurchasingExample */,
				4C4A5321150F289500990664 /* InAppPurchasingTests */,
				4C4A52F9150F289500990664 /* Frameworks */,
				4C4A52F7150F289500990664 /* Products */,
			);
			sourceTree = "<group>";
		};
		4C4A52F7150F289500990664 /* Products */ = {
			isa = PBXGroup;
			children = (
				4C4A52F6150F289500990664 /* InAppPurchasingExample.app */,
				4C4A531A150F289500990664 /* InAppPurchasingTests.octest */,
				668786681510F7A70053F937 /* InAppPurchasingExample Frankified.app */,
			);
			name = Products;
			sourceTree = "<group>";
		};
		4C4A52F9150F289500990664 /* Frameworks */ = {
			isa = PBXGroup;
			children = (
				4C5016531515A7AF00C2DB9D /* libOCMock.a */,
				661D834A1510F8C600DE6CAE /* CFNetwork.framework */,
				4CAEF9AC150F47540086F6E3 /* StoreKit.framework */,
				4CAEF9A9150F46D50086F6E3 /* Cedar-iOS.framework */,
				4C4A52FA150F289500990664 /* UIKit.framework */,
				4C4A52FC150F289500990664 /* Foundation.framework */,
				4C4A52FE150F289500990664 /* CoreGraphics.framework */,
				4C4A531B150F289500990664 /* SenTestingKit.framework */,
			);
			name = Frameworks;
			sourceTree = "<group>";
		};
		4C4A5300150F289500990664 /* InAppPurchasingExample */ = {
			isa = PBXGroup;
			children = (
				4CC0667F152348FD000E89ED /* Controllers */,
				4CC06682152348FD000E89ED /* Views */,
				4CAEF9E2150F76CC0086F6E3 /* InAppPurchasing */,
				4C4A5309150F289500990664 /* AppDelegate.h */,
				4C4A530A150F289500990664 /* AppDelegate.m */,
				4C4A530C150F289500990664 /* MainStoryboard_iPhone.storyboard */,
				4C4A530F150F289500990664 /* MainStoryboard_iPad.storyboard */,
				4C4A5301150F289500990664 /* Supporting Files */,
			);
			path = InAppPurchasingExample;
			sourceTree = "<group>";
		};
		4C4A5301150F289500990664 /* Supporting Files */ = {
			isa = PBXGroup;
			children = (
				661D83361510F85300DE6CAE /* InAppPurchasingExample Frankified-Info.plist */,
				4CAEF9DF150F75B70086F6E3 /* InAppPurchasingExample-Info.plist */,
				4C4A5303150F289500990664 /* InfoPlist.strings */,
				4C4A5306150F289500990664 /* main.m */,
				4C4A5308150F289500990664 /* InAppPurchasingExample-Prefix.pch */,
			);
			name = "Supporting Files";
			sourceTree = "<group>";
		};
		4C4A5321150F289500990664 /* InAppPurchasingTests */ = {
			isa = PBXGroup;
			children = (
				4C5016451515A70E00C2DB9D /* Specs */,
				4CAEF987150F36A60086F6E3 /* Helpers */,
				4CAEF98C150F36A60086F6E3 /* Mocks */,
				4C4A5322150F289500990664 /* Supporting Files */,
			);
			path = InAppPurchasingTests;
			sourceTree = "<group>";
		};
		4C4A5322150F289500990664 /* Supporting Files */ = {
			isa = PBXGroup;
			children = (
				4C5016511515A72F00C2DB9D /* IAPInfo.plist */,
				4CAEF9CE150F72C80086F6E3 /* InfoPlist.strings */,
				4CAEF981150F2BB40086F6E3 /* InAppPurchasingTests-Info.plist */,
			);
			name = "Supporting Files";
			sourceTree = "<group>";
		};
		4C5016451515A70E00C2DB9D /* Specs */ = {
			isa = PBXGroup;
			children = (
				4C5016461515A70E00C2DB9D /* IAPCatalogueSpec.mm */,
				4C5016471515A70E00C2DB9D /* IAPProductSpec.mm */,
				4C5016481515A70E00C2DB9D /* IAPStoreManagerSpec.mm */,
			);
			path = Specs;
			sourceTree = "<group>";
		};
		4CAEF987150F36A60086F6E3 /* Helpers */ = {
			isa = PBXGroup;
			children = (
				4C50164C1515A71F00C2DB9D /* IAPProduct+Test.h */,
				4C50164D1515A71F00C2DB9D /* IAPStoreManager+Test.h */,
				4C50164E1515A71F00C2DB9D /* NSTimer+Test.h */,
				4C50164F1515A71F00C2DB9D /* NSTimer+Test.m */,
				4CAEF988150F36A60086F6E3 /* FakeSKProductsResponse.h */,
				4CAEF989150F36A60086F6E3 /* FakeSKProductsResponse.m */,
				4CAEF98A150F36A60086F6E3 /* SKProductsRequest+Test.h */,
				4CAEF98B150F36A60086F6E3 /* SKProductsRequest+Test.m */,
				4C85CA2B1516E9A9007E63B0 /* IAPCatalogue+Test.h */,
			);
			name = Helpers;
			path = InAppPurchasingTests/Helpers;
			sourceTree = SOURCE_ROOT;
		};
		4CAEF98C150F36A60086F6E3 /* Mocks */ = {
			isa = PBXGroup;
			children = (
				4CAEF98D150F36A60086F6E3 /* MockIAPCatalogueDelegate.h */,
				4CAEF98E150F36A60086F6E3 /* MockIAPCatalogueDelegate.m */,
			);
			name = Mocks;
			path = InAppPurchasingTests/Mocks;
			sourceTree = SOURCE_ROOT;
		};
		4CAEF9E2150F76CC0086F6E3 /* InAppPurchasing */ = {
			isa = PBXGroup;
			children = (
				4CC0668715234C4B000E89ED /* IAPInfo.plist */,
				4CC0667C1523437E000E89ED /* FSMMachine.h */,
				4CC0667D1523437E000E89ED /* FSMMachine.m */,
				4C5016551515A82400C2DB9D /* IAPStoreManager.m */,
				4C5016581515A82400C2DB9D /* IAPStoreManager.h */,
				4C5016561515A82400C2DB9D /* IAPProduct.m */,
				4C5016571515A82400C2DB9D /* IAPProduct.h */,
				4CC065C1151DCC40000E89ED /* IAPProduct+Friend.h */,
				4CAEF9E3150F76CD0086F6E3 /* IAPCatalogue.h */,
				4CAEF9E4150F76CD0086F6E3 /* IAPCatalogue.m */,
				4CAEF9E5150F76CD0086F6E3 /* README */,
				4CC065C4151EFE50000E89ED /* SKProduct+PriceWithCurrency.h */,
				4CC065C5151EFE50000E89ED /* SKProduct+PriceWithCurrency.m */,
			);
			name = InAppPurchasing;
			path = InAppPurchasingExample/Externals/InAppPurchasing;
			sourceTree = SOURCE_ROOT;
		};
		4CC0667F152348FD000E89ED /* Controllers */ = {
			isa = PBXGroup;
			children = (
				4CC06680152348FD000E89ED /* ViewController.h */,
				4CC06681152348FD000E89ED /* ViewController.m */,
			);
			path = Controllers;
			sourceTree = "<group>";
		};
		4CC06682152348FD000E89ED /* Views */ = {
			isa = PBXGroup;
			children = (
				4CC06683152348FD000E89ED /* ProductTableViewCell.h */,
				4CC06684152348FD000E89ED /* ProductTableViewCell.m */,
			);
			path = Views;
			sourceTree = "<group>";
		};
/* End PBXGroup section */

/* Begin PBXNativeTarget section */
		4C4A52F5150F289500990664 /* InAppPurchasingExample */ = {
			isa = PBXNativeTarget;
			buildConfigurationList = 4C4A532C150F289500990664 /* Build configuration list for PBXNativeTarget "InAppPurchasingExample" */;
			buildPhases = (
				4C4A52F2150F289500990664 /* Sources */,
				4C4A52F3150F289500990664 /* Frameworks */,
				4C4A52F4150F289500990664 /* Resources */,
			);
			buildRules = (
			);
			dependencies = (
			);
			name = InAppPurchasingExample;
			productName = InAppPurchaseExample;
			productReference = 4C4A52F6150F289500990664 /* InAppPurchasingExample.app */;
			productType = "com.apple.product-type.application";
		};
		4C4A5319150F289500990664 /* InAppPurchasingTests */ = {
			isa = PBXNativeTarget;
			buildConfigurationList = 4C4A532F150F289500990664 /* Build configuration list for PBXNativeTarget "InAppPurchasingTests" */;
			buildPhases = (
				4C4A5315150F289500990664 /* Sources */,
				4C4A5316150F289500990664 /* Frameworks */,
				4C4A5317150F289500990664 /* Resources */,
				4C4A5318150F289500990664 /* ShellScript */,
			);
			buildRules = (
			);
			dependencies = (
				4C4A5320150F289500990664 /* PBXTargetDependency */,
			);
			name = InAppPurchasingTests;
			productName = InAppPurchaseExampleTests;
			productReference = 4C4A531A150F289500990664 /* InAppPurchasingTests.octest */;
			productType = "com.apple.product-type.bundle";
		};
		668786521510F7A70053F937 /* InAppPurchasingExample Frankified */ = {
			isa = PBXNativeTarget;
			buildConfigurationList = 668786651510F7A70053F937 /* Build configuration list for PBXNativeTarget "InAppPurchasingExample Frankified" */;
			buildPhases = (
				668786531510F7A70053F937 /* Sources */,
				6687865B1510F7A70053F937 /* Frameworks */,
				668786601510F7A70053F937 /* Resources */,
			);
			buildRules = (
			);
			dependencies = (
			);
			name = "InAppPurchasingExample Frankified";
			productName = InAppPurchaseExample;
			productReference = 668786681510F7A70053F937 /* InAppPurchasingExample Frankified.app */;
			productType = "com.apple.product-type.application";
		};
/* End PBXNativeTarget section */

/* Begin PBXProject section */
		4C4A52ED150F289400990664 /* Project object */ = {
			isa = PBXProject;
			attributes = {
				LastUpgradeCheck = 0430;
				ORGANIZATIONNAME = Bonobo;
			};
			buildConfigurationList = 4C4A52F0150F289400990664 /* Build configuration list for PBXProject "InAppPurchasingExample" */;
			compatibilityVersion = "Xcode 3.2";
			developmentRegion = English;
			hasScannedForEncodings = 0;
			knownRegions = (
				en,
			);
			mainGroup = 4C4A52EB150F289400990664;
			productRefGroup = 4C4A52F7150F289500990664 /* Products */;
			projectDirPath = "";
			projectRoot = "";
			targets = (
				4C4A52F5150F289500990664 /* InAppPurchasingExample */,
				668786521510F7A70053F937 /* InAppPurchasingExample Frankified */,
				4C4A5319150F289500990664 /* InAppPurchasingTests */,
			);
		};
/* End PBXProject section */

/* Begin PBXResourcesBuildPhase section */
		4C4A52F4150F289500990664 /* Resources */ = {
			isa = PBXResourcesBuildPhase;
			buildActionMask = 2147483647;
			files = (
				4C4A5305150F289500990664 /* InfoPlist.strings in Resources */,
				4C4A530E150F289500990664 /* MainStoryboard_iPhone.storyboard in Resources */,
				4C4A5311150F289500990664 /* MainStoryboard_iPad.storyboard in Resources */,
				661D83371510F85300DE6CAE /* InAppPurchasingExample Frankified-Info.plist in Resources */,
				4C5016521515A72F00C2DB9D /* IAPInfo.plist in Resources */,
				4CC065C2151DCC40000E89ED /* IAPProduct+Friend.h in Resources */,
				4CC0668815234C4B000E89ED /* IAPInfo.plist in Resources */,
			);
			runOnlyForDeploymentPostprocessing = 0;
		};
		4C4A5317150F289500990664 /* Resources */ = {
			isa = PBXResourcesBuildPhase;
			buildActionMask = 2147483647;
			files = (
				4CAEF9D1150F72E50086F6E3 /* InfoPlist.strings in Resources */,
				4C85CA2C1516E9A9007E63B0 /* IAPCatalogue+Test.h in Resources */,
			);
			runOnlyForDeploymentPostprocessing = 0;
		};
		668786601510F7A70053F937 /* Resources */ = {
			isa = PBXResourcesBuildPhase;
			buildActionMask = 2147483647;
			files = (
				668786611510F7A70053F937 /* InfoPlist.strings in Resources */,
				668786621510F7A70053F937 /* MainStoryboard_iPhone.storyboard in Resources */,
				668786631510F7A70053F937 /* MainStoryboard_iPad.storyboard in Resources */,
			);
			runOnlyForDeploymentPostprocessing = 0;
		};
/* End PBXResourcesBuildPhase section */

/* Begin PBXShellScriptBuildPhase section */
		4C4A5318150F289500990664 /* ShellScript */ = {
			isa = PBXShellScriptBuildPhase;
			buildActionMask = 2147483647;
			files = (
			);
			inputPaths = (
			);
			outputPaths = (
			);
			runOnlyForDeploymentPostprocessing = 0;
			shellPath = /bin/sh;
			shellScript = "# Run the unit tests in this test bundle.\n\"${SYSTEM_DEVELOPER_DIR}/Tools/RunUnitTests\"\n";
		};
/* End PBXShellScriptBuildPhase section */

/* Begin PBXSourcesBuildPhase section */
		4C4A52F2150F289500990664 /* Sources */ = {
			isa = PBXSourcesBuildPhase;
			buildActionMask = 2147483647;
			files = (
				4C4A5307150F289500990664 /* main.m in Sources */,
				4C4A530B150F289500990664 /* AppDelegate.m in Sources */,
				4CAEF9E6150F76CD0086F6E3 /* IAPCatalogue.m in Sources */,
				4C5016501515A71F00C2DB9D /* NSTimer+Test.m in Sources */,
				4C5016591515A82400C2DB9D /* IAPStoreManager.m in Sources */,
				4C50165A1515A82400C2DB9D /* IAPProduct.m in Sources */,
				4CC065C6151EFE50000E89ED /* SKProduct+PriceWithCurrency.m in Sources */,
				4CC0667E1523437E000E89ED /* FSMMachine.m in Sources */,
				4CC06685152348FD000E89ED /* ViewController.m in Sources */,
				4CC06686152348FD000E89ED /* ProductTableViewCell.m in Sources */,
			);
			runOnlyForDeploymentPostprocessing = 0;
		};
		4C4A5315150F289500990664 /* Sources */ = {
			isa = PBXSourcesBuildPhase;
			buildActionMask = 2147483647;
			files = (
				4C50165B1515A8B000C2DB9D /* IAPCatalogueSpec.mm in Sources */,
				4C50165C1515A8B000C2DB9D /* IAPProductSpec.mm in Sources */,
				4C50165D1515A8B000C2DB9D /* IAPStoreManagerSpec.mm in Sources */,
				4C50165E1515A8C600C2DB9D /* FakeSKProductsResponse.m in Sources */,
				4C50165F1515A8C600C2DB9D /* SKProductsRequest+Test.m in Sources */,
				4C5016601515A8CF00C2DB9D /* MockIAPCatalogueDelegate.m in Sources */,
			);
			runOnlyForDeploymentPostprocessing = 0;
		};
		668786531510F7A70053F937 /* Sources */ = {
			isa = PBXSourcesBuildPhase;
			buildActionMask = 2147483647;
			files = (
				668786541510F7A70053F937 /* main.m in Sources */,
				668786551510F7A70053F937 /* AppDelegate.m in Sources */,
				6687865A1510F7A70053F937 /* IAPCatalogue.m in Sources */,
			);
			runOnlyForDeploymentPostprocessing = 0;
		};
/* End PBXSourcesBuildPhase section */

/* Begin PBXTargetDependency section */
		4C4A5320150F289500990664 /* PBXTargetDependency */ = {
			isa = PBXTargetDependency;
			target = 4C4A52F5150F289500990664 /* InAppPurchasingExample */;
			targetProxy = 4C4A531F150F289500990664 /* PBXContainerItemProxy */;
		};
/* End PBXTargetDependency section */

/* Begin PBXVariantGroup section */
		4C4A5303150F289500990664 /* InfoPlist.strings */ = {
			isa = PBXVariantGroup;
			children = (
				4C4A5304150F289500990664 /* en */,
			);
			name = InfoPlist.strings;
			sourceTree = "<group>";
		};
		4C4A530C150F289500990664 /* MainStoryboard_iPhone.storyboard */ = {
			isa = PBXVariantGroup;
			children = (
				4C4A530D150F289500990664 /* en */,
			);
			name = MainStoryboard_iPhone.storyboard;
			sourceTree = "<group>";
		};
		4C4A530F150F289500990664 /* MainStoryboard_iPad.storyboard */ = {
			isa = PBXVariantGroup;
			children = (
				4C4A5310150F289500990664 /* en */,
			);
			name = MainStoryboard_iPad.storyboard;
			sourceTree = "<group>";
		};
		4CAEF9CE150F72C80086F6E3 /* InfoPlist.strings */ = {
			isa = PBXVariantGroup;
			children = (
				4CAEF9CF150F72C80086F6E3 /* en */,
			);
			name = InfoPlist.strings;
			sourceTree = "<group>";
		};
/* End PBXVariantGroup section */

/* Begin XCBuildConfiguration section */
		4C4A532A150F289500990664 /* Debug */ = {
			isa = XCBuildConfiguration;
			buildSettings = {
				ALWAYS_SEARCH_USER_PATHS = NO;
				ARCHS = "$(ARCHS_STANDARD_32_BIT)";
				CLANG_ENABLE_OBJC_ARC = YES;
				"CODE_SIGN_IDENTITY[sdk=iphoneos*]" = "iPhone Developer";
				COPY_PHASE_STRIP = NO;
				GCC_C_LANGUAGE_STANDARD = gnu99;
				GCC_DYNAMIC_NO_PIC = NO;
				GCC_OPTIMIZATION_LEVEL = 0;
				GCC_PREPROCESSOR_DEFINITIONS = (
					"DEBUG=1",
					"$(inherited)",
				);
				GCC_SYMBOLS_PRIVATE_EXTERN = NO;
				GCC_VERSION = com.apple.compilers.llvm.clang.1_0;
				GCC_WARN_ABOUT_MISSING_PROTOTYPES = YES;
				GCC_WARN_ABOUT_RETURN_TYPE = YES;
				GCC_WARN_UNUSED_VARIABLE = YES;
				IPHONEOS_DEPLOYMENT_TARGET = 5.0;
				SDKROOT = iphoneos;
				TARGETED_DEVICE_FAMILY = "1,2";
			};
			name = Debug;
		};
		4C4A532B150F289500990664 /* Release */ = {
			isa = XCBuildConfiguration;
			buildSettings = {
				ALWAYS_SEARCH_USER_PATHS = NO;
				ARCHS = "$(ARCHS_STANDARD_32_BIT)";
				CLANG_ENABLE_OBJC_ARC = YES;
				"CODE_SIGN_IDENTITY[sdk=iphoneos*]" = "iPhone Developer";
				COPY_PHASE_STRIP = YES;
				GCC_C_LANGUAGE_STANDARD = gnu99;
				GCC_VERSION = com.apple.compilers.llvm.clang.1_0;
				GCC_WARN_ABOUT_MISSING_PROTOTYPES = YES;
				GCC_WARN_ABOUT_RETURN_TYPE = YES;
				GCC_WARN_UNUSED_VARIABLE = YES;
				IPHONEOS_DEPLOYMENT_TARGET = 5.0;
				OTHER_CFLAGS = "-DNS_BLOCK_ASSERTIONS=1";
				SDKROOT = iphoneos;
				TARGETED_DEVICE_FAMILY = "1,2";
				VALIDATE_PRODUCT = YES;
			};
			name = Release;
		};
		4C4A532D150F289500990664 /* Debug */ = {
			isa = XCBuildConfiguration;
			buildSettings = {
				FRAMEWORK_SEARCH_PATHS = (
					"$(inherited)",
					"\"$(SRCROOT)/InAppPurchasingTests/Externals\"",
				);
				GCC_PRECOMPILE_PREFIX_HEADER = YES;
				GCC_PREFIX_HEADER = "InAppPurchasingExample/InAppPurchasingExample-Prefix.pch";
				INFOPLIST_FILE = "InAppPurchasingExample/InAppPurchasingExample-Info.plist";
				LIBRARY_SEARCH_PATHS = (
					"$(inherited)",
					"\"$(SRCROOT)/InAppPurchasingExample/Frank\"",
				);
				PRODUCT_NAME = "$(TARGET_NAME)";
				WRAPPER_EXTENSION = app;
			};
			name = Debug;
		};
		4C4A532E150F289500990664 /* Release */ = {
			isa = XCBuildConfiguration;
			buildSettings = {
				FRAMEWORK_SEARCH_PATHS = (
					"$(inherited)",
					"\"$(SRCROOT)/InAppPurchasingTests/Externals\"",
				);
				GCC_PRECOMPILE_PREFIX_HEADER = YES;
				GCC_PREFIX_HEADER = "InAppPurchasingExample/InAppPurchasingExample-Prefix.pch";
				INFOPLIST_FILE = "InAppPurchasingExample/InAppPurchasingExample-Info.plist";
				LIBRARY_SEARCH_PATHS = (
					"$(inherited)",
					"\"$(SRCROOT)/InAppPurchasingExample/Frank\"",
				);
				PRODUCT_NAME = "$(TARGET_NAME)";
				WRAPPER_EXTENSION = app;
			};
			name = Release;
		};
		4C4A5330150F289500990664 /* Debug */ = {
			isa = XCBuildConfiguration;
			buildSettings = {
				BUNDLE_LOADER = "$(BUILT_PRODUCTS_DIR)/InAppPurchasingExample.app/InAppPurchasingExample";
				FRAMEWORK_SEARCH_PATHS = (
					"$(SDKROOT)/Developer/Library/Frameworks",
					"$(DEVELOPER_LIBRARY_DIR)/Frameworks",
					"\"$(SRCROOT)/InAppPurchasingTests/Externals\"",
				);
				GCC_PRECOMPILE_PREFIX_HEADER = YES;
				GCC_PREFIX_HEADER = "InAppPurchasingExample/InAppPurchasingExample-Prefix.pch";
				HEADER_SEARCH_PATHS = "\"$(SRCROOT)/InAppPurchasingTests/Externals\"";
				INFOPLIST_FILE = "InAppPurchasingTests/InAppPurchasingTests-Info.plist";
				LIBRARY_SEARCH_PATHS = (
					"$(inherited)",
					"\"$(SRCROOT)/InAppPurchasingTests/Externals/OCMock\"",
				);
				OTHER_LDFLAGS = (
					"-ObjC",
					"-lstdc++",
					"-all_load",
					"-force_load",
					"\"$(SRCROOT)/InAppPurchasingTests/Externals/OCMock/libOCMock.a\"",
				);
				PRODUCT_NAME = "$(TARGET_NAME)";
				TEST_HOST = "$(BUNDLE_LOADER)";
				WRAPPER_EXTENSION = octest;
			};
			name = Debug;
		};
		4C4A5331150F289500990664 /* Release */ = {
			isa = XCBuildConfiguration;
			buildSettings = {
				BUNDLE_LOADER = "$(BUILT_PRODUCTS_DIR)/InAppPurchasingExample.app/InAppPurchasingExample";
				FRAMEWORK_SEARCH_PATHS = (
					"$(SDKROOT)/Developer/Library/Frameworks",
					"$(DEVELOPER_LIBRARY_DIR)/Frameworks",
					"\"$(SRCROOT)/InAppPurchasingTests/Externals\"",
				);
				GCC_PRECOMPILE_PREFIX_HEADER = YES;
				GCC_PREFIX_HEADER = "InAppPurchasingExample/InAppPurchasingExample-Prefix.pch";
				HEADER_SEARCH_PATHS = "\"$(SRCROOT)/InAppPurchasingTests/Externals\"";
				INFOPLIST_FILE = "InAppPurchasingTests/InAppPurchasingTests-Info.plist";
				LIBRARY_SEARCH_PATHS = (
					"$(inherited)",
					"\"$(SRCROOT)/InAppPurchasingTests/Externals/OCMock\"",
				);
				OTHER_LDFLAGS = (
					"-ObjC",
					"-lstdc++",
					"-all_load",
					"-force_load",
					"\"$(SRCROOT)/InAppPurchasingTests/Externals/OCMock/libOCMock.a\"",
				);
				PRODUCT_NAME = "$(TARGET_NAME)";
				TEST_HOST = "$(BUNDLE_LOADER)";
				WRAPPER_EXTENSION = octest;
			};
			name = Release;
		};
		668786661510F7A70053F937 /* Debug */ = {
			isa = XCBuildConfiguration;
			buildSettings = {
				FRAMEWORK_SEARCH_PATHS = (
					"$(inherited)",
					"\"$(SRCROOT)/InAppPurchasingTests/Externals\"",
				);
				GCC_PRECOMPILE_PREFIX_HEADER = YES;
				GCC_PREFIX_HEADER = "InAppPurchasingExample/InAppPurchasingExample-Prefix.pch";
				INFOPLIST_FILE = "InAppPurchasingExample/InAppPurchasingExample Frankified-Info.plist";
				LIBRARY_SEARCH_PATHS = (
					"$(inherited)",
					"\"$(SRCROOT)/InAppPurchasingExample/Frank\"",
				);
				OTHER_LDFLAGS = (
					"-all_load",
					"-ObjC",
				);
				PRODUCT_NAME = "InAppPurchasingExample Frankified";
				WRAPPER_EXTENSION = app;
			};
			name = Debug;
		};
		668786671510F7A70053F937 /* Release */ = {
			isa = XCBuildConfiguration;
			buildSettings = {
				FRAMEWORK_SEARCH_PATHS = (
					"$(inherited)",
					"\"$(SRCROOT)/InAppPurchasingTests/Externals\"",
				);
				GCC_PRECOMPILE_PREFIX_HEADER = YES;
				GCC_PREFIX_HEADER = "InAppPurchasingExample/InAppPurchasingExample-Prefix.pch";
				INFOPLIST_FILE = "InAppPurchasingExample/InAppPurchasingExample Frankified-Info.plist";
				LIBRARY_SEARCH_PATHS = (
					"$(inherited)",
					"\"$(SRCROOT)/InAppPurchasingExample/Frank\"",
				);
				OTHER_LDFLAGS = (
					"-all_load",
					"-ObjC",
				);
				PRODUCT_NAME = "InAppPurchasingExample Frankified";
				WRAPPER_EXTENSION = app;
			};
			name = Release;
		};
/* End XCBuildConfiguration section */

/* Begin XCConfigurationList section */
		4C4A52F0150F289400990664 /* Build configuration list for PBXProject "InAppPurchasingExample" */ = {
			isa = XCConfigurationList;
			buildConfigurations = (
				4C4A532A150F289500990664 /* Debug */,
				4C4A532B150F289500990664 /* Release */,
			);
			defaultConfigurationIsVisible = 0;
			defaultConfigurationName = Release;
		};
		4C4A532C150F289500990664 /* Build configuration list for PBXNativeTarget "InAppPurchasingExample" */ = {
			isa = XCConfigurationList;
			buildConfigurations = (
				4C4A532D150F289500990664 /* Debug */,
				4C4A532E150F289500990664 /* Release */,
			);
			defaultConfigurationIsVisible = 0;
			defaultConfigurationName = Release;
		};
		4C4A532F150F289500990664 /* Build configuration list for PBXNativeTarget "InAppPurchasingTests" */ = {
			isa = XCConfigurationList;
			buildConfigurations = (
				4C4A5330150F289500990664 /* Debug */,
				4C4A5331150F289500990664 /* Release */,
			);
			defaultConfigurationIsVisible = 0;
			defaultConfigurationName = Release;
		};
		668786651510F7A70053F937 /* Build configuration list for PBXNativeTarget "InAppPurchasingExample Frankified" */ = {
			isa = XCConfigurationList;
			buildConfigurations = (
				668786661510F7A70053F937 /* Debug */,
				668786671510F7A70053F937 /* Release */,
			);
			defaultConfigurationIsVisible = 0;
			defaultConfigurationName = Release;
		};
/* End XCConfigurationList section */
	};
	rootObject = 4C4A52ED150F289400990664 /* Project object */;
}
